lockfileVersion: '9.0'

settings:
  autoInstallPeers: true
  excludeLinksFromLockfile: false

importers:

  .:
    devDependencies:
      prettier:
        specifier: ^3.9.9
        version: 3.9.9
      turbo:
        specifier: ^2.11.5
        version: 2.11.5
      typescript:
        specifier: ~6.0.3
        version: 6.0.3

packages:

  '@turbo/darwin-64@2.11.5':
    resolution: {integrity: sha512-KdY4y7BBjIisl+jAkb3FFaRjClGqHyaeHCcVcCT8LBzFFwUu6thgfxyRZAx0uL4KoxLmH+iOan8UhVf/aDDcaA==}
    cpu: [x64]
    os: [darwin]

  '@turbo/darwin-arm64@2.11.5':
    resolution: {integrity: sha512-ToZDGi2u410+TfRtC/O1/LpujGgvNJoRBZnwVXob7oO0+3OSlwIO3zofXKUvwQvlba7a8ZXPyCZwufjAXd7f0w==}
    cpu: [arm64]
    os: [darwin]

  '@turbo/linux-64@2.11.5':
    resolution: {integrity: sha512-Ub2d/nAbdWLaSytcEaPp1wm/YuIvHEIqNrCRMI/UgOGyFdOhgxm8VyWPAJilQWRYxYVrqEUoy2K5S5K8SG50rA==}
    cpu: [x64]
    os: [android, linux]

  '@turbo/linux-arm64@2.11.5':
    resolution: {integrity: sha512-JQjmGxp724Wuft9FAxPMtmBur1CEdUyxJ+FVoIvKkgj63rXHl9PYCWrsU2tMjVi609XTQ3M8vZD9Yc9qVAVYrw==}
    cpu: [arm64]
    os: [android, linux]

  '@turbo/windows-64@2.11.5':
    resolution: {integrity: sha512-AFkbPmXNd8XgCi/66YEHR2bVl3gtusXyDihTIVEPAuSB+7ulLmJePvz1unWPVKLHdbCTTIdKq2mpJ1B1e3lJXw==}
    cpu: [x64]
    os: [win32]

  '@turbo/windows-arm64@2.11.5':
    resolution: {integrity: sha512-52ziXYP3snGOxjv19xA3WL1WDKv9Q6uDAa/7EKIR5j4hocMlYURkrOHbJ2ZZI+VfPU5MwKpcGeRfHxHJu7Y/Pw==}
    cpu: [arm64]
    os: [win32]

  prettier@3.9.9:
    resolution: {integrity: sha512-Z/CJHIkdujO/OtN7nXUii0Rf3VT5SRuhjBA82Xvu2XhBUgX3nhP67T0LHceBdQLex7OOFGTox+Q5Yg8Jk2Qivg==}
    engines: {node: '>=14'}
    hasBin: true

  turbo@2.11.5:
    resolution: {integrity: sha512-qLXheqz3TUvJpHIV6MUBwkNkvwKxMVG/QsimyiKT9DfNWPHJ294G/i5nDaH+fbHJt3UH7orubNNxAqYkbUNGAQ==}
    hasBin: true

  typescript@6.0.3:
    resolution: {integrity: sha512-y2TvuxSZPDyQakkFRPZHKFm+KKVqIisdg9/CZwm9ftvKXLP8NRWj38/ODjNbr43SsoXqNuAisEf1GdCxqWcdBw==}
    engines: {node: '>=14.17'}
    hasBin: true

snapshots:

  '@turbo/darwin-64@2.11.5':
    optional: true

  '@turbo/darwin-arm64@2.11.5':
    optional: true

  '@turbo/linux-64@2.11.5':
    optional: true

  '@turbo/linux-arm64@2.11.5':
    optional: true

  '@turbo/windows-64@2.11.5':
    optional: true

  '@turbo/windows-arm64@2.11.5':
    optional: true

  prettier@3.9.9: {}

  turbo@2.11.5:
    optionalDependencies:
      '@turbo/darwin-64': 2.11.5
      '@turbo/darwin-arm64': 2.11.5
      '@turbo/linux-64': 2.11.5
      '@turbo/linux-arm64': 2.11.5
      '@turbo/windows-64': 2.11.5
      '@turbo/windows-arm64': 2.11.5

  typescript@6.0.3: {}
